
Microsoft Visual Studio Solution File, Format Version 12.00
# Visual Studio Version 16
VisualStudioVersion = 16.0.29709.97
MinimumVisualStudioVersion = 10.0.40219.1
Project("{8BC9CEB8-8B4A-11D0-8D11-00A0C91BC942}") = "glfw_1", "glfw_1\glfw_1.vcxproj", "{C5149015-3E85-40E4-9D61-2B2743CB20D0}"
EndProject
Project("{2150E333-8FDC-42A3-9474-1A3956D46DE8}") = "Solution Items", "Solution Items", "{CAC2A8A3-B638-4DC6-85E8-A9B6CC6CCC74}"
	ProjectSection(SolutionItems) = preProject
		glfw_1\shaFrag.fs = glfw_1\shaFrag.fs
		glfw_1\shaVert.vs = glfw_1\shaVert.vs
	EndProjectSection
EndProject
Global
	GlobalSection(SolutionConfigurationPlatforms) = preSolution
		Debug|x64 = Debug|x64
		Debug|x86 = Debug|x86
		Release|x64 = Release|x64
		Release|x86 = Release|x86
	EndGlobalSection
	GlobalSection(ProjectConfigurationPlatforms) = postSolution
		{C5149015-3E85-40E4-9D61-2B2743CB20D0}.Debug|x64.ActiveCfg = Debug|x64
		{C5149015-3E85-40E4-9D61-2B2743CB20D0}.Debug|x64.Build.0 = Debug|x64
		{C5149015-3E85-40E4-9D61-2B2743CB20D0}.Debug|x86.ActiveCfg = Debug|Win32
		{C5149015-3E85-40E4-9D61-2B2743CB20D0}.Debug|x86.Build.0 = Debug|Win32
		{C5149015-3E85-40E4-9D61-2B2743CB20D0}.Release|x64.ActiveCfg = Release|x64
		{C5149015-3E85-40E4-9D61-2B2743CB20D0}.Release|x64.Build.0 = Release|x64
		{C5149015-3E85-40E4-9D61-2B2743CB20D0}.Release|x86.ActiveCfg = Release|Win32
		{C5149015-3E85-40E4-9D61-2B2743CB20D0}.Release|x86.Build.0 = Release|Win32
	EndGlobalSection
	GlobalSection(SolutionProperties) = preSolution
		HideSolutionNode = FALSE
	EndGlobalSection
	GlobalSection(ExtensibilityGlobals) = postSolution
		SolutionGuid = {208B7D98-24CF-4C89-A4EE-0BF374D50B49}
	EndGlobalSection
EndGlobal
